
Microsoft Visual Studio Solution File, Format Version 12.00
# Visual Studio Version 17
VisualStudioVersion = 17.0.31903.59
MinimumVisualStudioVersion = 10.0.40219.1
Project("{2150E333-8FDC-42A3-9474-1A3956D46DE8}") = "src", "src", "{827E0CD3-B72D-47B6-A68D-7590B98EB39B}"
EndProject
Project("{FAE04EC0-301F-11D3-BF4B-00C04F79EFBC}") = "RootedAndroidGameVM.Core", "src\RootedAndroidGameVM.Core\RootedAndroidGameVM.Core.csproj", "{A5677105-FBEE-459E-8BB3-BF0DDC7D2E72}"
EndProject
Project("{FAE04EC0-301F-11D3-BF4B-00C04F79EFBC}") = "RootedAndroidGameVM.Launcher", "src\RootedAndroidGameVM.Launcher\RootedAndroidGameVM.Launcher.csproj", "{9F1AD264-5D98-4B1A-B92B-F4CB3833DFB7}"
EndProject
Project("{FAE04EC0-301F-11D3-BF4B-00C04F79EFBC}") = "RootedAndroidGameVM.Setup", "src\RootedAndroidGameVM.Setup\RootedAndroidGameVM.Setup.csproj", "{53B1DCEC-81A1-4E91-A861-5D7BAB394F41}"
EndProject
Project("{2150E333-8FDC-42A3-9474-1A3956D46DE8}") = "tests", "tests", "{0AB3BF05-4346-4AA6-1389-037BE0695223}"
EndProject
Project("{FAE04EC0-301F-11D3-BF4B-00C04F79EFBC}") = "RootedAndroidGameVM.Core.Tests", "tests\RootedAndroidGameVM.Core.Tests\RootedAndroidGameVM.Core.Tests.csproj", "{F3BAD028-7252-48E8-A2F4-4007D519C3FE}"
EndProject
Project("{2150E333-8FDC-42A3-9474-1A3956D46DE8}") = "tools", "tools", "{07C2787E-EAC7-C090-1BA3-A61EC2A24D84}"
EndProject
Project("{FAE04EC0-301F-11D3-BF4B-00C04F79EFBC}") = "RootedAndroidGameVM.ReleaseTool", "tools\RootedAndroidGameVM.ReleaseTool\RootedAndroidGameVM.ReleaseTool.csproj", "{20522EF6-8E58-49FA-9194-60BF1AB41145}"
EndProject
Global
	GlobalSection(SolutionConfigurationPlatforms) = preSolution
		Debug|Any CPU = Debug|Any CPU
		Debug|x64 = Debug|x64
		Debug|x86 = Debug|x86
		Release|Any CPU = Release|Any CPU
		Release|x64 = Release|x64
		Release|x86 = Release|x86
	EndGlobalSection
	GlobalSection(ProjectConfigurationPlatforms) = postSolution
		{A5677105-FBEE-459E-8BB3-BF0DDC7D2E72}.Debug|Any CPU.ActiveCfg = Debug|Any CPU
		{A5677105-FBEE-459E-8BB3-BF0DDC7D2E72}.Debug|Any CPU.Build.0 = Debug|Any CPU
		{A5677105-FBEE-459E-8BB3-BF0DDC7D2E72}.Debug|x64.ActiveCfg = Debug|Any CPU
		{A5677105-FBEE-459E-8BB3-BF0DDC7D2E72}.Debug|x64.Build.0 = Debug|Any CPU
		{A5677105-FBEE-459E-8BB3-BF0DDC7D2E72}.Debug|x86.ActiveCfg = Debug|Any CPU
		{A5677105-FBEE-459E-8BB3-BF0DDC7D2E72}.Debug|x86.Build.0 = Debug|Any CPU
		{A5677105-FBEE-459E-8BB3-BF0DDC7D2E72}.Release|Any CPU.ActiveCfg = Release|Any CPU
		{A5677105-FBEE-459E-8BB3-BF0DDC7D2E72}.Release|Any CPU.Build.0 = Release|Any CPU
		{A5677105-FBEE-459E-8BB3-BF0DDC7D2E72}.Release|x64.ActiveCfg = Release|Any CPU
		{A5677105-FBEE-459E-8BB3-BF0DDC7D2E72}.Release|x64.Build.0 = Release|Any CPU
		{A5677105-FBEE-459E-8BB3-BF0DDC7D2E72}.Release|x86.ActiveCfg = Release|Any CPU
		{A5677105-FBEE-459E-8BB3-BF0DDC7D2E72}.Release|x86.Build.0 = Release|Any CPU
		{9F1AD264-5D98-4B1A-B92B-F4CB3833DFB7}.Debug|Any CPU.ActiveCfg = Debug|Any CPU
		{9F1AD264-5D98-4B1A-B92B-F4CB3833DFB7}.Debug|Any CPU.Build.0 = Debug|Any CPU
		{9F1AD264-5D98-4B1A-B92B-F4CB3833DFB7}.Debug|x64.ActiveCfg = Debug|Any CPU
		{9F1AD264-5D98-4B1A-B92B-F4CB3833DFB7}.Debug|x64.Build.0 = Debug|Any CPU
		{9F1AD264-5D98-4B1A-B92B-F4CB3833DFB7}.Debug|x86.ActiveCfg = Debug|Any CPU
		{9F1AD264-5D98-4B1A-B92B-F4CB3833DFB7}.Debug|x86.Build.0 = Debug|Any CPU
		{9F1AD264-5D98-4B1A-B92B-F4CB3833DFB7}.Release|Any CPU.ActiveCfg = Release|Any CPU
		{9F1AD264-5D98-4B1A-B92B-F4CB3833DFB7}.Release|Any CPU.Build.0 = Release|Any CPU
		{9F1AD264-5D98-4B1A-B92B-F4CB3833DFB7}.Release|x64.ActiveCfg = Release|Any CPU
		{9F1AD264-5D98-4B1A-B92B-F4CB3833DFB7}.Release|x64.Build.0 = Release|Any CPU
		{9F1AD264-5D98-4B1A-B92B-F4CB3833DFB7}.Release|x86.ActiveCfg = Release|Any CPU
		{9F1AD264-5D98-4B1A-B92B-F4CB3833DFB7}.Release|x86.Build.0 = Release|Any CPU
		{53B1DCEC-81A1-4E91-A861-5D7BAB394F41}.Debug|Any CPU.ActiveCfg = Debug|Any CPU
		{53B1DCEC-81A1-4E91-A861-5D7BAB394F41}.Debug|Any CPU.Build.0 = Debug|Any CPU
		{53B1DCEC-81A1-4E91-A861-5D7BAB394F41}.Debug|x64.ActiveCfg = Debug|Any CPU
		{53B1DCEC-81A1-4E91-A861-5D7BAB394F41}.Debug|x64.Build.0 = Debug|Any CPU
		{53B1DCEC-81A1-4E91-A861-5D7BAB394F41}.Debug|x86.ActiveCfg = Debug|Any CPU
		{53B1DCEC-81A1-4E91-A861-5D7BAB394F41}.Debug|x86.Build.0 = Debug|Any CPU
		{53B1DCEC-81A1-4E91-A861-5D7BAB394F41}.Release|Any CPU.ActiveCfg = Release|Any CPU
		{53B1DCEC-81A1-4E91-A861-5D7BAB394F41}.Release|Any CPU.Build.0 = Release|Any CPU
		{53B1DCEC-81A1-4E91-A861-5D7BAB394F41}.Release|x64.ActiveCfg = Release|Any CPU
		{53B1DCEC-81A1-4E91-A861-5D7BAB394F41}.Release|x64.Build.0 = Release|Any CPU
		{53B1DCEC-81A1-4E91-A861-5D7BAB394F41}.Release|x86.ActiveCfg = Release|Any CPU
		{53B1DCEC-81A1-4E91-A861-5D7BAB394F41}.Release|x86.Build.0 = Release|Any CPU
		{F3BAD028-7252-48E8-A2F4-4007D519C3FE}.Debug|Any CPU.ActiveCfg = Debug|Any CPU
		{F3BAD028-7252-48E8-A2F4-4007D519C3FE}.Debug|Any CPU.Build.0 = Debug|Any CPU
		{F3BAD028-7252-48E8-A2F4-4007D519C3FE}.Debug|x64.ActiveCfg = Debug|Any CPU
		{F3BAD028-7252-48E8-A2F4-4007D519C3FE}.Debug|x64.Build.0 = Debug|Any CPU
		{F3BAD028-7252-48E8-A2F4-4007D519C3FE}.Debug|x86.ActiveCfg = Debug|Any CPU
		{F3BAD028-7252-48E8-A2F4-4007D519C3FE}.Debug|x86.Build.0 = Debug|Any CPU
		{F3BAD028-7252-48E8-A2F4-4007D519C3FE}.Release|Any CPU.ActiveCfg = Release|Any CPU
		{F3BAD028-7252-48E8-A2F4-4007D519C3FE}.Release|Any CPU.Build.0 = Release|Any CPU
		{F3BAD028-7252-48E8-A2F4-4007D519C3FE}.Release|x64.ActiveCfg = Release|Any CPU
		{F3BAD028-7252-48E8-A2F4-4007D519C3FE}.Release|x64.Build.0 = Release|Any CPU
		{F3BAD028-7252-48E8-A2F4-4007D519C3FE}.Release|x86.ActiveCfg = Release|Any CPU
		{F3BAD028-7252-48E8-A2F4-4007D519C3FE}.Release|x86.Build.0 = Release|Any CPU
		{20522EF6-8E58-49FA-9194-60BF1AB41145}.Debug|Any CPU.ActiveCfg = Debug|Any CPU
		{20522EF6-8E58-49FA-9194-60BF1AB41145}.Debug|Any CPU.Build.0 = Debug|Any CPU
		{20522EF6-8E58-49FA-9194-60BF1AB41145}.Debug|x64.ActiveCfg = Debug|Any CPU
		{20522EF6-8E58-49FA-9194-60BF1AB41145}.Debug|x64.Build.0 = Debug|Any CPU
		{20522EF6-8E58-49FA-9194-60BF1AB41145}.Debug|x86.ActiveCfg = Debug|Any CPU
		{20522EF6-8E58-49FA-9194-60BF1AB41145}.Debug|x86.Build.0 = Debug|Any CPU
		{20522EF6-8E58-49FA-9194-60BF1AB41145}.Release|Any CPU.ActiveCfg = Release|Any CPU
		{20522EF6-8E58-49FA-9194-60BF1AB41145}.Release|Any CPU.Build.0 = Release|Any CPU
		{20522EF6-8E58-49FA-9194-60BF1AB41145}.Release|x64.ActiveCfg = Release|Any CPU
		{20522EF6-8E58-49FA-9194-60BF1AB41145}.Release|x64.Build.0 = Release|Any CPU
		{20522EF6-8E58-49FA-9194-60BF1AB41145}.Release|x86.ActiveCfg = Release|Any CPU
		{20522EF6-8E58-49FA-9194-60BF1AB41145}.Release|x86.Build.0 = Release|Any CPU
	EndGlobalSection
	GlobalSection(SolutionProperties) = preSolution
		HideSolutionNode = FALSE
	EndGlobalSection
	GlobalSection(NestedProjects) = preSolution
		{A5677105-FBEE-459E-8BB3-BF0DDC7D2E72} = {827E0CD3-B72D-47B6-A68D-7590B98EB39B}
		{9F1AD264-5D98-4B1A-B92B-F4CB3833DFB7} = {827E0CD3-B72D-47B6-A68D-7590B98EB39B}
		{53B1DCEC-81A1-4E91-A861-5D7BAB394F41} = {827E0CD3-B72D-47B6-A68D-7590B98EB39B}
		{F3BAD028-7252-48E8-A2F4-4007D519C3FE} = {0AB3BF05-4346-4AA6-1389-037BE0695223}
		{20522EF6-8E58-49FA-9194-60BF1AB41145} = {07C2787E-EAC7-C090-1BA3-A61EC2A24D84}
	EndGlobalSection
EndGlobal
